{
  "nodes": {
    "disko": {
      "inputs": {
        "nixpkgs": "nixpkgs"
      },
      "locked": {
        "lastModified": 1773025010,
        "narHash": "sha256-khlHllTsovXgT2GZ0WxT4+RvuMjNeR5OW0UYeEHPYQo=",
        "owner": "nix-community",
        "repo": "disko",
        "rev": "7b9f7f88ab3b339f8142dc246445abb3c370d3d3",
        "type": "github"
      },
      "original": {
        "owner": "nix-community",
        "repo": "disko",
        "type": "github"
      }
    },
    "flake-parts": {
      "inputs": {
        "nixpkgs-lib": [
          "nixpkgs"
        ]
      },
      "locked": {
        "lastModified": 1772408722,
        "narHash": "sha256-rHuJtdcOjK7rAHpHphUb1iCvgkU3GpfvicLMwwnfMT0=",
        "owner": "hercules-ci",
        "repo": "flake-parts",
        "rev": "f20dc5d9b8027381c474144ecabc9034d6a839a3",
        "type": "github"
      },
      "original": {
        "owner": "hercules-ci",
        "repo": "flake-parts",
        "type": "github"
      }
    },
    "flake-parts_2": {
      "inputs": {
        "nixpkgs-lib": [
          "nixvim",
          "nixpkgs"
        ]
      },
      "locked": {
        "lastModified": 1769996383,
        "narHash": "sha256-AnYjnFWgS49RlqX7LrC4uA+sCCDBj0Ry/WOJ5XWAsa0=",
        "owner": "hercules-ci",
        "repo": "flake-parts",
        "rev": "57928607ea566b5db3ad13af0e57e921e6b12381",
        "type": "github"
      },
      "original": {
        "owner": "hercules-ci",
        "repo": "flake-parts",
        "type": "github"
      }
    },
    "home-manager": {
      "inputs": {
        "nixpkgs": [
          "nixpkgs"
        ]
      },
      "locked": {
        "lastModified": 1772633327,
        "narHash": "sha256-jl+DJB2DUx7EbWLRng+6HNWW/1/VQOnf0NsQB4PlA7I=",
        "owner": "nix-community",
        "repo": "home-manager",
        "rev": "5a75730e6f21ee624cbf86f4915c6e7489c74acc",
        "type": "github"
      },
      "original": {
        "owner": "nix-community",
        "repo": "home-manager",
        "type": "github"
      }
    },
    "niri": {
      "inputs": {
        "niri-stable": "niri-stable",
        "niri-unstable": "niri-unstable",
        "nixpkgs": [
          "nixpkgs"
        ],
        "nixpkgs-stable": "nixpkgs-stable",
        "xwayland-satellite-stable": "xwayland-satellite-stable",
        "xwayland-satellite-unstable": "xwayland-satellite-unstable"
      },
      "locked": {
        "lastModified": 1772698812,
        "narHash": "sha256-7+K/VaZ7TXUeUGSYshg8wC3UsRZHB+M4x6r38Q1B79c=",
        "owner": "sodiboo",
        "repo": "niri-flake",
        "rev": "5641625ef950f024e3e0e3f38bb91f876290c0be",
        "type": "github"
      },
      "original": {
        "owner": "sodiboo",
        "repo": "niri-flake",
        "type": "github"
      }
    },
    "niri-stable": {
      "flake": false,
      "locked": {
        "lastModified": 1756556321,
        "narHash": "sha256-RLD89dfjN0RVO86C/Mot0T7aduCygPGaYbog566F0Qo=",
        "owner": "YaLTeR",
        "repo": "niri",
        "rev": "01be0e65f4eb91a9cd624ac0b76aaeab765c7294",
        "type": "github"
      },
      "original": {
        "owner": "YaLTeR",
        "ref": "v25.08",
        "repo": "niri",
        "type": "github"
      }
    },
    "niri-unstable": {
      "flake": false,
      "locked": {
        "lastModified": 1772207631,
        "narHash": "sha256-Jkkg+KqshFO3CbTszVVpkKN2AOObYz+wMsM3ONo1z5g=",
        "owner": "YaLTeR",
        "repo": "niri",
        "rev": "e708f546153f74acf33eb183b3b2992587a701e5",
        "type": "github"
      },
      "original": {
        "owner": "YaLTeR",
        "repo": "niri",
        "type": "github"
      }
    },
    "nixpkgs": {
      "locked": {
        "lastModified": 1772771118,
        "narHash": "sha256-xWzaTvmmACR/SRWtABgI/Z97lcqwJAeoSd5QW1KdK1s=",
        "owner": "NixOS",
        "repo": "nixpkgs",
        "rev": "e38213b91d3786389a446dfce4ff5a8aaf6012f2",
        "type": "github"
      },
      "original": {
        "owner": "NixOS",
        "ref": "nixpkgs-unstable",
        "repo": "nixpkgs",
        "type": "github"
      }
    },
    "nixpkgs-stable": {
      "locked": {
        "lastModified": 1772598333,
        "narHash": "sha256-YaHht/C35INEX3DeJQNWjNaTcPjYmBwwjFJ2jdtr+5U=",
        "owner": "NixOS",
        "repo": "nixpkgs",
        "rev": "fabb8c9deee281e50b1065002c9828f2cf7b2239",
        "type": "github"
      },
      "original": {
        "owner": "NixOS",
        "ref": "nixos-25.11",
        "repo": "nixpkgs",
        "type": "github"
      }
    },
    "nixpkgs_2": {
      "locked": {
        "lastModified": 1772624091,
        "narHash": "sha256-QKyJ0QGWBn6r0invrMAK8dmJoBYWoOWy7lN+UHzW1jc=",
        "owner": "NixOS",
        "repo": "nixpkgs",
        "rev": "80bdc1e5ce51f56b19791b52b2901187931f5353",
        "type": "github"
      },
      "original": {
        "owner": "NixOS",
        "ref": "nixos-unstable",
        "repo": "nixpkgs",
        "type": "github"
      }
    },
    "nixvim": {
      "inputs": {
        "flake-parts": "flake-parts_2",
        "nixpkgs": [
          "nixpkgs"
        ],
        "systems": "systems"
      },
      "locked": {
        "lastModified": 1772402258,
        "narHash": "sha256-3DmCFOdmbkFML1/G9gj8Wb+rCCZFPOQtNoMCpqOF8SA=",
        "owner": "nix-community",
        "repo": "nixvim",
        "rev": "21ae25e13b01d3b4cdc750b5f9e7bad68b150c10",
        "type": "github"
      },
      "original": {
        "owner": "nix-community",
        "repo": "nixvim",
        "type": "github"
      }
    },
    "noctalia": {
      "inputs": {
        "nixpkgs": [
          "nixpkgs"
        ],
        "noctalia-qs": [
          "noctalia-qs"
        ]
      },
      "locked": {
        "lastModified": 1772804024,
        "narHash": "sha256-vmRpv1NSD0tXZEnEiX/IzqIS1pu7az/e3L2otAgPmNg=",
        "owner": "noctalia-dev",
        "repo": "noctalia-shell",
        "rev": "072eb6d05642c711d5bbf82ee556ca11e5e845e4",
        "type": "github"
      },
      "original": {
        "owner": "noctalia-dev",
        "repo": "noctalia-shell",
        "type": "github"
      }
    },
    "noctalia-qs": {
      "inputs": {
        "nixpkgs": [
          "nixpkgs"
        ]
      },
      "locked": {
        "lastModified": 1772673824,
        "narHash": "sha256-TLHXPoELZA6VeuzC1Zpx+MnSsYzrJs+DSieMgfjAOJc=",
        "owner": "noctalia-dev",
        "repo": "noctalia-qs",
        "rev": "f8531192cd09b9ea2e78d18e9cfc9d3dba498690",
        "type": "github"
      },
      "original": {
        "owner": "noctalia-dev",
        "repo": "noctalia-qs",
        "type": "github"
      }
    },
    "root": {
      "inputs": {
        "disko": "disko",
        "flake-parts": "flake-parts",
        "home-manager": "home-manager",
        "niri": "niri",
        "nixpkgs": "nixpkgs_2",
        "nixvim": "nixvim",
        "noctalia": "noctalia",
        "noctalia-qs": "noctalia-qs"
      }
    },
    "systems": {
      "locked": {
        "lastModified": 1681028828,
        "narHash": "sha256-Vy1rq5AaRuLzOxct8nz4T6wlgyUR7zLU309k9mBC768=",
        "owner": "nix-systems",
        "repo": "default",
        "rev": "da67096a3b9bf56a91d16901293e51ba5b49a27e",
        "type": "github"
      },
      "original": {
        "owner": "nix-systems",
        "repo": "default",
        "type": "github"
      }
    },
    "xwayland-satellite-stable": {
      "flake": false,
      "locked": {
        "lastModified": 1755491097,
        "narHash": "sha256-m+9tUfsmBeF2Gn4HWa6vSITZ4Gz1eA1F5Kh62B0N4oE=",
        "owner": "Supreeeme",
        "repo": "xwayland-satellite",
        "rev": "388d291e82ffbc73be18169d39470f340707edaa",
        "type": "github"
      },
      "original": {
        "owner": "Supreeeme",
        "ref": "v0.7",
        "repo": "xwayland-satellite",
        "type": "github"
      }
    },
    "xwayland-satellite-unstable": {
      "flake": false,
      "locked": {
        "lastModified": 1772429643,
        "narHash": "sha256-M+bAeCCcjBnVk6w/4dIVvXvpJwOKnXjwi/lDbaN6Yws=",
        "owner": "Supreeeme",
        "repo": "xwayland-satellite",
        "rev": "10f985b84cdbcc3bbf35b3e7e43d1b2a84fa9ce2",
        "type": "github"
      },
      "original": {
        "owner": "Supreeeme",
        "repo": "xwayland-satellite",
        "type": "github"
      }
    }
  },
  "root": "root",
  "version": 7
}
